// !$*UTF8*$!
{
	archiveVersion = 1;
	classes = {
	};
	objectVersion = 77;
	objects = {

/* Begin PBXBuildFile section */
		49BECA3C30622BE000D25532 /* AppDelegate.swift in Sources */ = {isa = PBXBuildFile; fileRef = 49BECA3B30622BE000D25532 /* AppDelegate.swift */; };
		49BECA4030622BE000D25532 /* Main.html in Resources */ = {isa = PBXBuildFile; fileRef = 49BECA3E30622BE000D25532 /* Main.html */; };
		49BECA4230622BE000D25532 /* Icon.png in Resources */ = {isa = PBXBuildFile; fileRef = 49BECA4130622BE000D25532 /* Icon.png */; };
		49BECA4430622BE000D25532 /* Style.css in Resources */ = {isa = PBXBuildFile; fileRef = 49BECA4330622BE000D25532 /* Style.css */; };
		49BECA4630622BE000D25532 /* Script.js in Resources */ = {isa = PBXBuildFile; fileRef = 49BECA4530622BE000D25532 /* Script.js */; };
		49BECA4830622BE000D25532 /* ViewController.swift in Sources */ = {isa = PBXBuildFile; fileRef = 49BECA4730622BE000D25532 /* ViewController.swift */; };
		49BECA4B30622BE000D25532 /* Main.storyboard in Resources */ = {isa = PBXBuildFile; fileRef = 49BECA4930622BE000D25532 /* Main.storyboard */; };
		49BECA4D30622BE100D25532 /* Assets.xcassets in Resources */ = {isa = PBXBuildFile; fileRef = 49BECA4C30622BE100D25532 /* Assets.xcassets */; };
		49BECA5430622BE100D25532 /* AI Autofill Extension.appex in Embed Foundation Extensions */ = {isa = PBXBuildFile; fileRef = 49BECA5330622BE100D25532 /* AI Autofill Extension.appex */; settings = {ATTRIBUTES = (RemoveHeadersOnCopy, ); }; };
		49BECA5930622BE100D25532 /* SafariWebExtensionHandler.swift in Sources */ = {isa = PBXBuildFile; fileRef = 49BECA5830622BE100D25532 /* SafariWebExtensionHandler.swift */; };
		49BECA6A30622BE100D25532 /* popup in Resources */ = {isa = PBXBuildFile; fileRef = 49BECA6530622BE100D25532 /* popup */; };
		49BECA6B30622BE100D25532 /* background.js in Resources */ = {isa = PBXBuildFile; fileRef = 49BECA6630622BE100D25532 /* background.js */; };
		49BECA6D30622BE100D25532 /* manifest.json in Resources */ = {isa = PBXBuildFile; fileRef = 49BECA6830622BE100D25532 /* manifest.json */; };
		49BECA6E30622BE100D25532 /* content.js in Resources */ = {isa = PBXBuildFile; fileRef = 49BECA6930622BE100D25532 /* content.js */; };
/* End PBXBuildFile section */

/* Begin PBXContainerItemProxy section */
		49BECA5530622BE100D25532 /* PBXContainerItemProxy */ = {
			isa = PBXContainerItemProxy;
			containerPortal = 49BECA3030622BE000D25532 /* Project object */;
			proxyType = 1;
			remoteGlobalIDString = 49BECA5230622BE100D25532;
			remoteInfo = "AI Autofill Extension";
		};
/* End PBXContainerItemProxy section */

/* Begin PBXCopyFilesBuildPhase section */
		49BECA6030622BE100D25532 /* Embed Foundation Extensions */ = {
			isa = PBXCopyFilesBuildPhase;
			buildActionMask = 2147483647;
			dstPath = "";
			dstSubfolderSpec = 13;
			files = (
				49BECA5430622BE100D25532 /* AI Autofill Extension.appex in Embed Foundation Extensions */,
			);
			name = "Embed Foundation Extensions";
			runOnlyForDeploymentPostprocessing = 0;
		};
/* End PBXCopyFilesBuildPhase section */

/* Begin PBXFileReference section */
		49BECA3830622BE000D25532 /* AI Autofill.app */ = {isa = PBXFileReference; explicitFileType = wrapper.application; includeInIndex = 0; path = "AI Autofill.app"; sourceTree = BUILT_PRODUCTS_DIR; };
		49BECA3B30622BE000D25532 /* AppDelegate.swift */ = {isa = PBXFileReference; lastKnownFileType = sourcecode.swift; path = AppDelegate.swift; sourceTree = "<group>"; };
		49BECA3F30622BE000D25532 /* Base */ = {isa = PBXFileReference; lastKnownFileType = text.html; name = Base; path = Base.lproj/Main.html; sourceTree = "<group>"; };
		49BECA4130622BE000D25532 /* Icon.png */ = {isa = PBXFileReference; lastKnownFileType = image.png; path = Icon.png; sourceTree = "<group>"; };
		49BECA4330622BE000D25532 /* Style.css */ = {isa = PBXFileReference; lastKnownFileType = text.css; path = Style.css; sourceTree = "<group>"; };
		49BECA4530622BE000D25532 /* Script.js */ = {isa = PBXFileReference; lastKnownFileType = sourcecode.javascript; path = Script.js; sourceTree = "<group>"; };
		49BECA4730622BE000D25532 /* ViewController.swift */ = {isa = PBXFileReference; lastKnownFileType = sourcecode.swift; path = ViewController.swift; sourceTree = "<group>"; };
		49BECA4A30622BE000D25532 /* Base */ = {isa = PBXFileReference; lastKnownFileType = file.storyboard; name = Base; path = Base.lproj/Main.storyboard; sourceTree = "<group>"; };
		49BECA4C30622BE100D25532 /* Assets.xcassets */ = {isa = PBXFileReference; lastKnownFileType = folder.assetcatalog; path = Assets.xcassets; sourceTree = "<group>"; };
		49BECA4E30622BE100D25532 /* Info.plist */ = {isa = PBXFileReference; lastKnownFileType = text.plist.xml; path = Info.plist; sourceTree = "<group>"; };
		49BECA5330622BE100D25532 /* AI Autofill Extension.appex */ = {isa = PBXFileReference; explicitFileType = "wrapper.app-extension"; includeInIndex = 0; path = "AI Autofill Extension.appex"; sourceTree = BUILT_PRODUCTS_DIR; };
		49BECA5830622BE100D25532 /* SafariWebExtensionHandler.swift */ = {isa = PBXFileReference; lastKnownFileType = sourcecode.swift; path = SafariWebExtensionHandler.swift; sourceTree = "<group>"; };
		49BECA5A30622BE100D25532 /* Info.plist */ = {isa = PBXFileReference; lastKnownFileType = text.plist.xml; path = Info.plist; sourceTree = "<group>"; };
		49BECA6530622BE100D25532 /* popup */ = {isa = PBXFileReference; lastKnownFileType = folder; name = popup; path = ../../../popup; sourceTree = "<group>"; };
		49BECA6630622BE100D25532 /* background.js */ = {isa = PBXFileReference; lastKnownFileType = sourcecode.javascript; name = background.js; path = ../../../background.js; sourceTree = "<group>"; };
		49BECA6830622BE100D25532 /* manifest.json */ = {isa = PBXFileReference; lastKnownFileType = text.json; name = manifest.json; path = ../../../manifest.json; sourceTree = "<group>"; };
		49BECA6930622BE100D25532 /* content.js */ = {isa = PBXFileReference; lastKnownFileType = sourcecode.javascript; name = content.js; path = ../../../content.js; sourceTree = "<group>"; };
/* End PBXFileReference section */

/* Begin PBXFrameworksBuildPhase section */
		49BECA3530622BE000D25532 /* Frameworks */ = {
			isa = PBXFrameworksBuildPhase;
			buildActionMask = 2147483647;
			files = (
			);
			runOnlyForDeploymentPostprocessing = 0;
		};
		49BECA5030622BE100D25532 /* Frameworks */ = {
			isa = PBXFrameworksBuildPhase;
			buildActionMask = 2147483647;
			files = (
			);
			runOnlyForDeploymentPostprocessing = 0;
		};
/* End PBXFrameworksBuildPhase section */

/* Begin PBXGroup section */
		49BECA2F30622BE000D25532 = {
			isa = PBXGroup;
			children = (
				49BECA3A30622BE000D25532 /* AI Autofill */,
				49BECA5730622BE100D25532 /* AI Autofill Extension */,
				49BECA3930622BE000D25532 /* Products */,
			);
			sourceTree = "<group>";
		};
		49BECA3930622BE000D25532 /* Products */ = {
			isa = PBXGroup;
			children = (
				49BECA3830622BE000D25532 /* AI Autofill.app */,
				49BECA5330622BE100D25532 /* AI Autofill Extension.appex */,
			);
			name = Products;
			sourceTree = "<group>";
		};
		49BECA3A30622BE000D25532 /* AI Autofill */ = {
			isa = PBXGroup;
			children = (
				49BECA3B30622BE000D25532 /* AppDelegate.swift */,
				49BECA4730622BE000D25532 /* ViewController.swift */,
				49BECA4930622BE000D25532 /* Main.storyboard */,
				49BECA4C30622BE100D25532 /* Assets.xcassets */,
				49BECA4E30622BE100D25532 /* Info.plist */,
				49BECA3D30622BE000D25532 /* Resources */,
			);
			path = "AI Autofill";
			sourceTree = "<group>";
		};
		49BECA3D30622BE000D25532 /* Resources */ = {
			isa = PBXGroup;
			children = (
				49BECA3E30622BE000D25532 /* Main.html */,
				49BECA4130622BE000D25532 /* Icon.png */,
				49BECA4330622BE000D25532 /* Style.css */,
				49BECA4530622BE000D25532 /* Script.js */,
			);
			path = Resources;
			sourceTree = "<group>";
		};
		49BECA5730622BE100D25532 /* AI Autofill Extension */ = {
			isa = PBXGroup;
			children = (
				49BECA6430622BE100D25532 /* Resources */,
				49BECA5830622BE100D25532 /* SafariWebExtensionHandler.swift */,
				49BECA5A30622BE100D25532 /* Info.plist */,
			);
			path = "AI Autofill Extension";
			sourceTree = "<group>";
		};
		49BECA6430622BE100D25532 /* Resources */ = {
			isa = PBXGroup;
			children = (
				49BECA6530622BE100D25532 /* popup */,
				49BECA6630622BE100D25532 /* background.js */,
				49BECA6830622BE100D25532 /* manifest.json */,
				49BECA6930622BE100D25532 /* content.js */,
			);
			name = Resources;
			path = "AI Autofill Extension";
			sourceTree = SOURCE_ROOT;
		};
/* End PBXGroup section */

/* Begin PBXNativeTarget section */
		49BECA3730622BE000D25532 /* AI Autofill */ = {
			isa = PBXNativeTarget;
			buildConfigurationList = 49BECA6130622BE100D25532 /* Build configuration list for PBXNativeTarget "AI Autofill" */;
			buildPhases = (
				49BECA3430622BE000D25532 /* Sources */,
				49BECA3530622BE000D25532 /* Frameworks */,
				49BECA3630622BE000D25532 /* Resources */,
				49BECA6030622BE100D25532 /* Embed Foundation Extensions */,
			);
			buildRules = (
			);
			dependencies = (
				49BECA5630622BE100D25532 /* PBXTargetDependency */,
			);
			name = "AI Autofill";
			packageProductDependencies = (
			);
			productName = "AI Autofill";
			productReference = 49BECA3830622BE000D25532 /* AI Autofill.app */;
			productType = "com.apple.product-type.application";
		};
		49BECA5230622BE100D25532 /* AI Autofill Extension */ = {
			isa = PBXNativeTarget;
			buildConfigurationList = 49BECA5D30622BE100D25532 /* Build configuration list for PBXNativeTarget "AI Autofill Extension" */;
			buildPhases = (
				49BECA4F30622BE100D25532 /* Sources */,
				49BECA5030622BE100D25532 /* Frameworks */,
				49BECA5130622BE100D25532 /* Resources */,
			);
			buildRules = (
			);
			dependencies = (
			);
			name = "AI Autofill Extension";
			packageProductDependencies = (
			);
			productName = "AI Autofill Extension";
			productReference = 49BECA5330622BE100D25532 /* AI Autofill Extension.appex */;
			productType = "com.apple.product-type.app-extension";
		};
/* End PBXNativeTarget section */

/* Begin PBXProject section */
		49BECA3030622BE000D25532 /* Project object */ = {
			isa = PBXProject;
			attributes = {
				BuildIndependentTargetsInParallel = 1;
				LastSwiftUpdateCheck = 2630;
				LastUpgradeCheck = 2630;
				TargetAttributes = {
					49BECA3730622BE000D25532 = {
						CreatedOnToolsVersion = 26.3;
					};
					49BECA5230622BE100D25532 = {
						CreatedOnToolsVersion = 26.3;
					};
				};
			};
			buildConfigurationList = 49BECA3330622BE000D25532 /* Build configuration list for PBXProject "AI Autofill" */;
			developmentRegion = en;
			hasScannedForEncodings = 0;
			knownRegions = (
				en,
				Base,
			);
			mainGroup = 49BECA2F30622BE000D25532;
			minimizedProjectReferenceProxies = 1;
			preferredProjectObjectVersion = 77;
			productRefGroup = 49BECA3930622BE000D25532 /* Products */;
			projectDirPath = "";
			projectRoot = "";
			targets = (
				49BECA3730622BE000D25532 /* AI Autofill */,
				49BECA5230622BE100D25532 /* AI Autofill Extension */,
			);
		};
/* End PBXProject section */

/* Begin PBXResourcesBuildPhase section */
		49BECA3630622BE000D25532 /* Resources */ = {
			isa = PBXResourcesBuildPhase;
			buildActionMask = 2147483647;
			files = (
				49BECA4230622BE000D25532 /* Icon.png in Resources */,
				49BECA4B30622BE000D25532 /* Main.storyboard in Resources */,
				49BECA4630622BE000D25532 /* Script.js in Resources */,
				49BECA4030622BE000D25532 /* Main.html in Resources */,
				49BECA4D30622BE100D25532 /* Assets.xcassets in Resources */,
				49BECA4430622BE000D25532 /* Style.css in Resources */,
			);
			runOnlyForDeploymentPostprocessing = 0;
		};
		49BECA5130622BE100D25532 /* Resources */ = {
			isa = PBXResourcesBuildPhase;
			buildActionMask = 2147483647;
			files = (
				49BECA6D30622BE100D25532 /* manifest.json in Resources */,
				49BECA6B30622BE100D25532 /* background.js in Resources */,
				49BECA6A30622BE100D25532 /* popup in Resources */,
				49BECA6E30622BE100D25532 /* content.js in Resources */,
			);
			runOnlyForDeploymentPostprocessing = 0;
		};
/* End PBXResourcesBuildPhase section */

/* Begin PBXSourcesBuildPhase section */
		49BECA3430622BE000D25532 /* Sources */ = {
			isa = PBXSourcesBuildPhase;
			buildActionMask = 2147483647;
			files = (
				49BECA4830622BE000D25532 /* ViewController.swift in Sources */,
				49BECA3C30622BE000D25532 /* AppDelegate.swift in Sources */,
			);
			runOnlyForDeploymentPostprocessing = 0;
		};
		49BECA4F30622BE100D25532 /* Sources */ = {
			isa = PBXSourcesBuildPhase;
			buildActionMask = 2147483647;
			files = (
				49BECA5930622BE100D25532 /* SafariWebExtensionHandler.swift in Sources */,
			);
			runOnlyForDeploymentPostprocessing = 0;
		};
/* End PBXSourcesBuildPhase section */

/* Begin PBXTargetDependency section */
		49BECA5630622BE100D25532 /* PBXTargetDependency */ = {
			isa = PBXTargetDependency;
			target = 49BECA5230622BE100D25532 /* AI Autofill Extension */;
			targetProxy = 49BECA5530622BE100D25532 /* PBXContainerItemProxy */;
		};
/* End PBXTargetDependency section */

/* Begin PBXVariantGroup section */
		49BECA3E30622BE000D25532 /* Main.html */ = {
			isa = PBXVariantGroup;
			children = (
				49BECA3F30622BE000D25532 /* Base */,
			);
			name = Main.html;
			sourceTree = "<group>";
		};
		49BECA4930622BE000D25532 /* Main.storyboard */ = {
			isa = PBXVariantGroup;
			children = (
				49BECA4A30622BE000D25532 /* Base */,
			);
			name = Main.storyboard;
			sourceTree = "<group>";
		};
/* End PBXVariantGroup section */

/* Begin XCBuildConfiguration section */
		49BECA5B30622BE100D25532 /* Debug */ = {
			isa = XCBuildConfiguration;
			buildSettings = {
				ALWAYS_SEARCH_USER_PATHS = NO;
				ASSETCATALOG_COMPILER_GENERATE_SWIFT_ASSET_SYMBOL_EXTENSIONS = YES;
				CLANG_ANALYZER_NONNULL = YES;
				CLANG_ANALYZER_NUMBER_OBJECT_CONVERSION = YES_AGGRESSIVE;
				CLANG_CXX_LANGUAGE_STANDARD = "gnu++20";
				CLANG_ENABLE_MODULES = YES;
				CLANG_ENABLE_OBJC_ARC = YES;
				CLANG_ENABLE_OBJC_WEAK = YES;
				CLANG_WARN_BLOCK_CAPTURE_AUTORELEASING = YES;
				CLANG_WARN_BOOL_CONVERSION = YES;
				CLANG_WARN_COMMA = YES;
				CLANG_WARN_CONSTANT_CONVERSION = YES;
				CLANG_WARN_DEPRECATED_OBJC_IMPLEMENTATIONS = YES;
				CLANG_WARN_DIRECT_OBJC_ISA_USAGE = YES_ERROR;
				CLANG_WARN_DOCUMENTATION_COMMENTS = YES;
				CLANG_WARN_EMPTY_BODY = YES;
				CLANG_WARN_ENUM_CONVERSION = YES;
				CLANG_WARN_INFINITE_RECURSION = YES;
				CLANG_WARN_INT_CONVERSION = YES;
				CLANG_WARN_NON_LITERAL_NULL_CONVERSION = YES;
				CLANG_WARN_OBJC_IMPLICIT_RETAIN_SELF = YES;
				CLANG_WARN_OBJC_LITERAL_CONVERSION = YES;
				CLANG_WARN_OBJC_ROOT_CLASS = YES_ERROR;
				CLANG_WARN_QUOTED_INCLUDE_IN_FRAMEWORK_HEADER = YES;
				CLANG_WARN_RANGE_LOOP_ANALYSIS = YES;
				CLANG_WARN_STRICT_PROTOTYPES = YES;
				CLANG_WARN_SUSPICIOUS_MOVE = YES;
				CLANG_WARN_UNGUARDED_AVAILABILITY = YES_AGGRESSIVE;
				CLANG_WARN_UNREACHABLE_CODE = YES;
				CLANG_WARN__DUPLICATE_METHOD_MATCH = YES;
				COPY_PHASE_STRIP = NO;
				DEBUG_INFORMATION_FORMAT = dwarf;
				ENABLE_STRICT_OBJC_MSGSEND = YES;
				ENABLE_TESTABILITY = YES;
				ENABLE_USER_SCRIPT_SANDBOXING = YES;
				GCC_C_LANGUAGE_STANDARD = gnu17;
				GCC_DYNAMIC_NO_PIC = NO;
				GCC_NO_COMMON_BLOCKS = YES;
				GCC_OPTIMIZATION_LEVEL = 0;
				GCC_PREPROCESSOR_DEFINITIONS = (
					"DEBUG=1",
					"$(inherited)",
				);
				GCC_WARN_64_TO_32_BIT_CONVERSION = YES;
				GCC_WARN_ABOUT_RETURN_TYPE = YES_ERROR;
				GCC_WARN_UNDECLARED_SELECTOR = YES;
				GCC_WARN_UNINITIALIZED_AUTOS = YES_AGGRESSIVE;
				GCC_WARN_UNUSED_FUNCTION = YES;
				GCC_WARN_UNUSED_VARIABLE = YES;
				LOCALIZATION_PREFERS_STRING_CATALOGS = YES;
				MACOSX_DEPLOYMENT_TARGET = 15.8;
				MTL_ENABLE_DEBUG_INFO = INCLUDE_SOURCE;
				MTL_FAST_MATH = YES;
				ONLY_ACTIVE_ARCH = YES;
				SDKROOT = macosx;
				SWIFT_ACTIVE_COMPILATION_CONDITIONS = "DEBUG $(inherited)";
				SWIFT_OPTIMIZATION_LEVEL = "-Onone";
			};
			name = Debug;
		};
		49BECA5C30622BE100D25532 /* Release */ = {
			isa = XCBuildConfiguration;
			buildSettings = {
				ALWAYS_SEARCH_USER_PATHS = NO;
				ASSETCATALOG_COMPILER_GENERATE_SWIFT_ASSET_SYMBOL_EXTENSIONS = YES;
				CLANG_ANALYZER_NONNULL = YES;
				CLANG_ANALYZER_NUMBER_OBJECT_CONVERSION = YES_AGGRESSIVE;
				CLANG_CXX_LANGUAGE_STANDARD = "gnu++20";
				CLANG_ENABLE_MODULES = YES;
				CLANG_ENABLE_OBJC_ARC = YES;
				CLANG_ENABLE_OBJC_WEAK = YES;
				CLANG_WARN_BLOCK_CAPTURE_AUTORELEASING = YES;
				CLANG_WARN_BOOL_CONVERSION = YES;
				CLANG_WARN_COMMA = YES;
				CLANG_WARN_CONSTANT_CONVERSION = YES;
				CLANG_WARN_DEPRECATED_OBJC_IMPLEMENTATIONS = YES;
				CLANG_WARN_DIRECT_OBJC_ISA_USAGE = YES_ERROR;
				CLANG_WARN_DOCUMENTATION_COMMENTS = YES;
				CLANG_WARN_EMPTY_BODY = YES;
				CLANG_WARN_ENUM_CONVERSION = YES;
				CLANG_WARN_INFINITE_RECURSION = YES;
				CLANG_WARN_INT_CONVERSION = YES;
				CLANG_WARN_NON_LITERAL_NULL_CONVERSION = YES;
				CLANG_WARN_OBJC_IMPLICIT_RETAIN_SELF = YES;
				CLANG_WARN_OBJC_LITERAL_CONVERSION = YES;
				CLANG_WARN_OBJC_ROOT_CLASS = YES_ERROR;
				CLANG_WARN_QUOTED_INCLUDE_IN_FRAMEWORK_HEADER = YES;
				CLANG_WARN_RANGE_LOOP_ANALYSIS = YES;
				CLANG_WARN_STRICT_PROTOTYPES = YES;
				CLANG_WARN_SUSPICIOUS_MOVE = YES;
				CLANG_WARN_UNGUARDED_AVAILABILITY = YES_AGGRESSIVE;
				CLANG_WARN_UNREACHABLE_CODE = YES;
				CLANG_WARN__DUPLICATE_METHOD_MATCH = YES;
				COPY_PHASE_STRIP = NO;
				DEBUG_INFORMATION_FORMAT = "dwarf-with-dsym";
				ENABLE_NS_ASSERTIONS = NO;
				ENABLE_STRICT_OBJC_MSGSEND = YES;
				ENABLE_USER_SCRIPT_SANDBOXING = YES;
				GCC_C_LANGUAGE_STANDARD = gnu17;
				GCC_NO_COMMON_BLOCKS = YES;
				GCC_WARN_64_TO_32_BIT_CONVERSION = YES;
				GCC_WARN_ABOUT_RETURN_TYPE = YES_ERROR;
				GCC_WARN_UNDECLARED_SELECTOR = YES;
				GCC_WARN_UNINITIALIZED_AUTOS = YES_AGGRESSIVE;
				GCC_WARN_UNUSED_FUNCTION = YES;
				GCC_WARN_UNUSED_VARIABLE = YES;
				LOCALIZATION_PREFERS_STRING_CATALOGS = YES;
				MACOSX_DEPLOYMENT_TARGET = 15.8;
				MTL_ENABLE_DEBUG_INFO = NO;
				MTL_FAST_MATH = YES;
				SDKROOT = macosx;
				SWIFT_COMPILATION_MODE = wholemodule;
			};
			name = Release;
		};
		49BECA5E30622BE100D25532 /* Debug */ = {
			isa = XCBuildConfiguration;
			buildSettings = {
				CODE_SIGN_STYLE = Automatic;
				CURRENT_PROJECT_VERSION = 1;
				ENABLE_APP_SANDBOX = YES;
				ENABLE_HARDENED_RUNTIME = YES;
				ENABLE_USER_SELECTED_FILES = readonly;
				GENERATE_INFOPLIST_FILE = YES;
				INFOPLIST_FILE = "AI Autofill Extension/Info.plist";
				INFOPLIST_KEY_CFBundleDisplayName = "AI Autofill Extension";
				INFOPLIST_KEY_NSHumanReadableCopyright = "";
				LD_RUNPATH_SEARCH_PATHS = (
					"$(inherited)",
					"@executable_path/../Frameworks",
					"@executable_path/../../../../Frameworks",
				);
				MACOSX_DEPLOYMENT_TARGET = 10.14;
				MARKETING_VERSION = 1.0;
				OTHER_LDFLAGS = (
					"-framework",
					SafariServices,
				);
				PRODUCT_BUNDLE_IDENTIFIER = "com.matoah.ai-autofill.Extension";
				PRODUCT_NAME = "$(TARGET_NAME)";
				SKIP_INSTALL = YES;
				STRING_CATALOG_GENERATE_SYMBOLS = YES;
				SWIFT_APPROACHABLE_CONCURRENCY = YES;
				SWIFT_EMIT_LOC_STRINGS = YES;
				SWIFT_UPCOMING_FEATURE_MEMBER_IMPORT_VISIBILITY = YES;
				SWIFT_VERSION = 5.0;
			};
			name = Debug;
		};
		49BECA5F30622BE100D25532 /* Release */ = {
			isa = XCBuildConfiguration;
			buildSettings = {
				CODE_SIGN_STYLE = Automatic;
				CURRENT_PROJECT_VERSION = 1;
				ENABLE_APP_SANDBOX = YES;
				ENABLE_HARDENED_RUNTIME = YES;
				ENABLE_USER_SELECTED_FILES = readonly;
				GENERATE_INFOPLIST_FILE = YES;
				INFOPLIST_FILE = "AI Autofill Extension/Info.plist";
				INFOPLIST_KEY_CFBundleDisplayName = "AI Autofill Extension";
				INFOPLIST_KEY_NSHumanReadableCopyright = "";
				LD_RUNPATH_SEARCH_PATHS = (
					"$(inherited)",
					"@executable_path/../Frameworks",
					"@executable_path/../../../../Frameworks",
				);
				MACOSX_DEPLOYMENT_TARGET = 10.14;
				MARKETING_VERSION = 1.0;
				OTHER_LDFLAGS = (
					"-framework",
					SafariServices,
				);
				PRODUCT_BUNDLE_IDENTIFIER = "com.matoah.ai-autofill.Extension";
				PRODUCT_NAME = "$(TARGET_NAME)";
				SKIP_INSTALL = YES;
				STRING_CATALOG_GENERATE_SYMBOLS = YES;
				SWIFT_APPROACHABLE_CONCURRENCY = YES;
				SWIFT_EMIT_LOC_STRINGS = YES;
				SWIFT_UPCOMING_FEATURE_MEMBER_IMPORT_VISIBILITY = YES;
				SWIFT_VERSION = 5.0;
			};
			name = Release;
		};
		49BECA6230622BE100D25532 /* Debug */ = {
			isa = XCBuildConfiguration;
			buildSettings = {
				ASSETCATALOG_COMPILER_APPICON_NAME = AppIcon;
				ASSETCATALOG_COMPILER_GLOBAL_ACCENT_COLOR_NAME = AccentColor;
				CODE_SIGN_STYLE = Automatic;
				COMBINE_HIDPI_IMAGES = YES;
				CURRENT_PROJECT_VERSION = 1;
				ENABLE_APP_SANDBOX = YES;
				ENABLE_HARDENED_RUNTIME = YES;
				ENABLE_OUTGOING_NETWORK_CONNECTIONS = YES;
				ENABLE_USER_SELECTED_FILES = readonly;
				GENERATE_INFOPLIST_FILE = YES;
				INFOPLIST_FILE = "AI Autofill/Info.plist";
				INFOPLIST_KEY_CFBundleDisplayName = "AI Autofill";
				INFOPLIST_KEY_NSHumanReadableCopyright = "";
				INFOPLIST_KEY_NSMainStoryboardFile = Main;
				INFOPLIST_KEY_NSPrincipalClass = NSApplication;
				LD_RUNPATH_SEARCH_PATHS = (
					"$(inherited)",
					"@executable_path/../Frameworks",
				);
				MARKETING_VERSION = 1.0;
				OTHER_LDFLAGS = (
					"-framework",
					SafariServices,
					"-framework",
					WebKit,
				);
				PRODUCT_BUNDLE_IDENTIFIER = "com.matoah.ai-autofill";
				PRODUCT_NAME = "$(TARGET_NAME)";
				REGISTER_APP_GROUPS = YES;
				STRING_CATALOG_GENERATE_SYMBOLS = YES;
				SWIFT_APPROACHABLE_CONCURRENCY = YES;
				SWIFT_DEFAULT_ACTOR_ISOLATION = MainActor;
				SWIFT_EMIT_LOC_STRINGS = YES;
				SWIFT_UPCOMING_FEATURE_MEMBER_IMPORT_VISIBILITY = YES;
				SWIFT_VERSION = 5.0;
			};
			name = Debug;
		};
		49BECA6330622BE100D25532 /* Release */ = {
			isa = XCBuildConfiguration;
			buildSettings = {
				ASSETCATALOG_COMPILER_APPICON_NAME = AppIcon;
				ASSETCATALOG_COMPILER_GLOBAL_ACCENT_COLOR_NAME = AccentColor;
				CODE_SIGN_STYLE = Automatic;
				COMBINE_HIDPI_IMAGES = YES;
				CURRENT_PROJECT_VERSION = 1;
				ENABLE_APP_SANDBOX = YES;
				ENABLE_HARDENED_RUNTIME = YES;
				ENABLE_OUTGOING_NETWORK_CONNECTIONS = YES;
				ENABLE_USER_SELECTED_FILES = readonly;
				GENERATE_INFOPLIST_FILE = YES;
				INFOPLIST_FILE = "AI Autofill/Info.plist";
				INFOPLIST_KEY_CFBundleDisplayName = "AI Autofill";
				INFOPLIST_KEY_NSHumanReadableCopyright = "";
				INFOPLIST_KEY_NSMainStoryboardFile = Main;
				INFOPLIST_KEY_NSPrincipalClass = NSApplication;
				LD_RUNPATH_SEARCH_PATHS = (
					"$(inherited)",
					"@executable_path/../Frameworks",
				);
				MARKETING_VERSION = 1.0;
				OTHER_LDFLAGS = (
					"-framework",
					SafariServices,
					"-framework",
					WebKit,
				);
				PRODUCT_BUNDLE_IDENTIFIER = "com.matoah.ai-autofill";
				PRODUCT_NAME = "$(TARGET_NAME)";
				REGISTER_APP_GROUPS = YES;
				STRING_CATALOG_GENERATE_SYMBOLS = YES;
				SWIFT_APPROACHABLE_CONCURRENCY = YES;
				SWIFT_DEFAULT_ACTOR_ISOLATION = MainActor;
				SWIFT_EMIT_LOC_STRINGS = YES;
				SWIFT_UPCOMING_FEATURE_MEMBER_IMPORT_VISIBILITY = YES;
				SWIFT_VERSION = 5.0;
			};
			name = Release;
		};
/* End XCBuildConfiguration section */

/* Begin XCConfigurationList section */
		49BECA3330622BE000D25532 /* Build configuration list for PBXProject "AI Autofill" */ = {
			isa = XCConfigurationList;
			buildConfigurations = (
				49BECA5B30622BE100D25532 /* Debug */,
				49BECA5C30622BE100D25532 /* Release */,
			);
			defaultConfigurationIsVisible = 0;
			defaultConfigurationName = Release;
		};
		49BECA5D30622BE100D25532 /* Build configuration list for PBXNativeTarget "AI Autofill Extension" */ = {
			isa = XCConfigurationList;
			buildConfigurations = (
				49BECA5E30622BE100D25532 /* Debug */,
				49BECA5F30622BE100D25532 /* Release */,
			);
			defaultConfigurationIsVisible = 0;
			defaultConfigurationName = Release;
		};
		49BECA6130622BE100D25532 /* Build configuration list for PBXNativeTarget "AI Autofill" */ = {
			isa = XCConfigurationList;
			buildConfigurations = (
				49BECA6230622BE100D25532 /* Debug */,
				49BECA6330622BE100D25532 /* Release */,
			);
			defaultConfigurationIsVisible = 0;
			defaultConfigurationName = Release;
		};
/* End XCConfigurationList section */
	};
	rootObject = 49BECA3030622BE000D25532 /* Project object */;
}
